
Microsoft Visual Studio Solution File, Format Version 12.00
# Visual Studio 2012
Project("{FAE04EC0-301F-11D3-BF4B-00C04F79EFBC}") = "Library", "Library\Library.csproj", "{AB2C658E-273C-4F72-9D59-B2D83BCE16E4}"
EndProject
Project("{FAE04EC0-301F-11D3-BF4B-00C04F79EFBC}") = "LibraryTests", "LibraryTests\LibraryTests.csproj", "{525F4004-778D-425E-A314-853EFC3421C2}"
EndProject
Project("{FAE04EC0-301F-11D3-BF4B-00C04F79EFBC}") = "Web", "Web\Web.csproj", "{0915F2F1-0CAC-4AD0-BF54-BAE17CD8FD65}"
EndProject
Global
	GlobalSection(SolutionConfigurationPlatforms) = preSolution
		Debug|Any CPU = Debug|Any CPU
		Release|Any CPU = Release|Any CPU
	EndGlobalSection
	GlobalSection(ProjectConfigurationPlatforms) = postSolution
		{AB2C658E-273C-4F72-9D59-B2D83BCE16E4}.Debug|Any CPU.ActiveCfg = Debug|Any CPU
		{AB2C658E-273C-4F72-9D59-B2D83BCE16E4}.Debug|Any CPU.Build.0 = Debug|Any CPU
		{AB2C658E-273C-4F72-9D59-B2D83BCE16E4}.Release|Any CPU.ActiveCfg = Release|Any CPU
		{AB2C658E-273C-4F72-9D59-B2D83BCE16E4}.Release|Any CPU.Build.0 = Release|Any CPU
		{525F4004-778D-425E-A314-853EFC3421C2}.Debug|Any CPU.ActiveCfg = Debug|Any CPU
		{525F4004-778D-425E-A314-853EFC3421C2}.Debug|Any CPU.Build.0 = Debug|Any CPU
		{525F4004-778D-425E-A314-853EFC3421C2}.Release|Any CPU.ActiveCfg = Release|Any CPU
		{525F4004-778D-425E-A314-853EFC3421C2}.Release|Any CPU.Build.0 = Release|Any CPU
		{0915F2F1-0CAC-4AD0-BF54-BAE17CD8FD65}.Debug|Any CPU.ActiveCfg = Debug|Any CPU
		{0915F2F1-0CAC-4AD0-BF54-BAE17CD8FD65}.Debug|Any CPU.Build.0 = Debug|Any CPU
		{0915F2F1-0CAC-4AD0-BF54-BAE17CD8FD65}.Release|Any CPU.ActiveCfg = Release|Any CPU
		{0915F2F1-0CAC-4AD0-BF54-BAE17CD8FD65}.Release|Any CPU.Build.0 = Release|Any CPU
	EndGlobalSection
	GlobalSection(SolutionProperties) = preSolution
		HideSolutionNode = FALSE
	EndGlobalSection
EndGlobal
